
Microsoft Visual Studio Solution File, Format Version 12.00
# Visual Studio 14
VisualStudioVersion = 14.0.25420.1
MinimumVisualStudioVersion = 10.0.40219.1
Project("{FAE04EC0-301F-11D3-BF4B-00C04F79EFBC}") = "Mtrans_MDM", "Mtrans_MDM\Mtrans_MDM.csproj", "{D473FBFF-FEA7-4D4B-AB8C-C66677B3AFCD}"
EndProject
Global
	GlobalSection(SolutionConfigurationPlatforms) = preSolution
		Debug|Any CPU = Debug|Any CPU
		Release|Any CPU = Release|Any CPU
	EndGlobalSection
	GlobalSection(ProjectConfigurationPlatforms) = postSolution
		{D473FBFF-FEA7-4D4B-AB8C-C66677B3AFCD}.Debug|Any CPU.ActiveCfg = Debug|Any CPU
		{D473FBFF-FEA7-4D4B-AB8C-C66677B3AFCD}.Debug|Any CPU.Build.0 = Debug|Any CPU
		{D473FBFF-FEA7-4D4B-AB8C-C66677B3AFCD}.Release|Any CPU.ActiveCfg = Release|Any CPU
		{D473FBFF-FEA7-4D4B-AB8C-C66677B3AFCD}.Release|Any CPU.Build.0 = Release|Any CPU
	EndGlobalSection
	GlobalSection(SolutionProperties) = preSolution
		HideSolutionNode = FALSE
	EndGlobalSection
EndGlobal
